set_location_assignment PIN_R24 -to reset
set_location_assignment PIN_N21 -to clk
set_location_assignment PIN_G19 -to count[0]
set_location_assignment PIN_F19 -to count[1]
set_location_assignment PIN_E19 -to count[2]
set_location_assignment PIN_F21 -to count[3]
set_location_assignment PIN_F18 -to count[4]
set_location_assignment PIN_E18 -to count[5]
set_location_assignment PIN_J19 -to count[6]
set_location_assignment PIN_H19 -to count[7]
